// !$*UTF8*$!
{
	archiveVersion = 1;
	classes = {
	};
	objectVersion = 56;
	objects = {

/* Begin PBXBuildFile section */
		4EC5EFE52AEE8FAE00E599D7 /* BaseManager.swift in Sources */ = {isa = PBXBuildFile; fileRef = 4EC5EFE42AEE8FAE00E599D7 /* BaseManager.swift */; };
		4EC5EFE82AEE901000E599D7 /* EndPoint.swift in Sources */ = {isa = PBXBuildFile; fileRef = 4EC5EFE72AEE901000E599D7 /* EndPoint.swift */; };
		4EC5EFF22AEE9C9600E599D7 /* Environment.swift in Sources */ = {isa = PBXBuildFile; fileRef = 4EC5EFF12AEE9C9600E599D7 /* Environment.swift */; };
		4EC5EFF42AEE9E4C00E599D7 /* Logger.swift in Sources */ = {isa = PBXBuildFile; fileRef = 4EC5EFF32AEE9E4C00E599D7 /* Logger.swift */; };
		4EC5EFF92AEEBB0000E599D7 /* UIView+Extensions.swift in Sources */ = {isa = PBXBuildFile; fileRef = 4EC5EFF82AEEBB0000E599D7 /* UIView+Extensions.swift */; };
		4EC5EFFF2AEEBBE700E599D7 /* LoadingUtils.swift in Sources */ = {isa = PBXBuildFile; fileRef = 4EC5EFFE2AEEBBE700E599D7 /* LoadingUtils.swift */; };
		4EC5F0012AEEBC8100E599D7 /* WindowHelper.swift in Sources */ = {isa = PBXBuildFile; fileRef = 4EC5F0002AEEBC8100E599D7 /* WindowHelper.swift */; };
		4EC5F0032AEEC1C400E599D7 /* Response.swift in Sources */ = {isa = PBXBuildFile; fileRef = 4EC5F0022AEEC1C400E599D7 /* Response.swift */; };
		4EC5F0062AEEC20C00E599D7 /* Constants.swift in Sources */ = {isa = PBXBuildFile; fileRef = 4EC5F0052AEEC20C00E599D7 /* Constants.swift */; };
		4EC5F0092AEEC50D00E599D7 /* SearchManager.swift in Sources */ = {isa = PBXBuildFile; fileRef = 4EC5F0082AEEC50D00E599D7 /* SearchManager.swift */; };
		4EC5F00B2AEEC59E00E599D7 /* Callbacks.swift in Sources */ = {isa = PBXBuildFile; fileRef = 4EC5F00A2AEEC59E00E599D7 /* Callbacks.swift */; };
		4EC5F00D2AEEC9AD00E599D7 /* Codable+Extensions.swift in Sources */ = {isa = PBXBuildFile; fileRef = 4EC5F00C2AEEC9AD00E599D7 /* Codable+Extensions.swift */; };
		4EC5F00F2AEEC9EA00E599D7 /* String+Extensions.swift in Sources */ = {isa = PBXBuildFile; fileRef = 4EC5F00E2AEEC9EA00E599D7 /* String+Extensions.swift */; };
		4EC5F0132AF03AA300E599D7 /* Movie.swift in Sources */ = {isa = PBXBuildFile; fileRef = 4EC5F0122AF03AA300E599D7 /* Movie.swift */; };
		4EC5F0152AF03AFF00E599D7 /* SearchResponse.swift in Sources */ = {isa = PBXBuildFile; fileRef = 4EC5F0142AF03AFF00E599D7 /* SearchResponse.swift */; };
		4EC5F0172AF03B5200E599D7 /* SearchRequest.swift in Sources */ = {isa = PBXBuildFile; fileRef = 4EC5F0162AF03B5200E599D7 /* SearchRequest.swift */; };
		4EC8CA932AED449800EBD139 /* UIImageView+Extensions.swift in Sources */ = {isa = PBXBuildFile; fileRef = 4EC8CA922AED449800EBD139 /* UIImageView+Extensions.swift */; };
		4EC8CA962AED46AC00EBD139 /* ImageProvider.swift in Sources */ = {isa = PBXBuildFile; fileRef = 4EC8CA952AED46AC00EBD139 /* ImageProvider.swift */; };
		4EDBA1732AED022A00595ED8 /* AppDelegate.swift in Sources */ = {isa = PBXBuildFile; fileRef = 4EDBA1722AED022A00595ED8 /* AppDelegate.swift */; };
		4EDBA17C2AED022B00595ED8 /* Assets.xcassets in Resources */ = {isa = PBXBuildFile; fileRef = 4EDBA17B2AED022B00595ED8 /* Assets.xcassets */; };
		4EDBA18F2AED096E00595ED8 /* SnapKit in Frameworks */ = {isa = PBXBuildFile; productRef = 4EDBA18E2AED096E00595ED8 /* SnapKit */; };
		4EDBA1972AED0C3300595ED8 /* Router.swift in Sources */ = {isa = PBXBuildFile; fileRef = 4EDBA1962AED0C3300595ED8 /* Router.swift */; };
		4EDBA1992AED0C4100595ED8 /* Animator.swift in Sources */ = {isa = PBXBuildFile; fileRef = 4EDBA1982AED0C4100595ED8 /* Animator.swift */; };
		4EDBA19B2AED0C6B00595ED8 /* AppRouter.swift in Sources */ = {isa = PBXBuildFile; fileRef = 4EDBA19A2AED0C6B00595ED8 /* AppRouter.swift */; };
		4EDBA19D2AED0CCF00595ED8 /* ModalTransition.swift in Sources */ = {isa = PBXBuildFile; fileRef = 4EDBA19C2AED0CCF00595ED8 /* ModalTransition.swift */; };
		4EDBA19F2AED0CEB00595ED8 /* PlaceOnWindowTransition.swift in Sources */ = {isa = PBXBuildFile; fileRef = 4EDBA19E2AED0CEB00595ED8 /* PlaceOnWindowTransition.swift */; };
		4EDBA1A12AED0D0500595ED8 /* Transition.swift in Sources */ = {isa = PBXBuildFile; fileRef = 4EDBA1A02AED0D0500595ED8 /* Transition.swift */; };
		4EDBA1A32AED0D1900595ED8 /* PushTransition.swift in Sources */ = {isa = PBXBuildFile; fileRef = 4EDBA1A22AED0D1900595ED8 /* PushTransition.swift */; };
		4EDBA1A62AED0D7A00595ED8 /* BaseViewController.swift in Sources */ = {isa = PBXBuildFile; fileRef = 4EDBA1A52AED0D7A00595ED8 /* BaseViewController.swift */; };
		4EDBA1A82AED0DA700595ED8 /* BaseViewModel.swift in Sources */ = {isa = PBXBuildFile; fileRef = 4EDBA1A72AED0DA700595ED8 /* BaseViewModel.swift */; };
		4EDBA1B32AED0E4300595ED8 /* HomeRouter.swift in Sources */ = {isa = PBXBuildFile; fileRef = 4EDBA1B02AED0E4300595ED8 /* HomeRouter.swift */; };
		4EDBA1B42AED0E4300595ED8 /* HomeViewController.swift in Sources */ = {isa = PBXBuildFile; fileRef = 4EDBA1B12AED0E4300595ED8 /* HomeViewController.swift */; };
		4EDBA1B52AED0E4300595ED8 /* HomeViewModel.swift in Sources */ = {isa = PBXBuildFile; fileRef = 4EDBA1B22AED0E4300595ED8 /* HomeViewModel.swift */; };
		4EDBA1BA2AED0E9900595ED8 /* HomeCollectionViewCell.swift in Sources */ = {isa = PBXBuildFile; fileRef = 4EDBA1B82AED0E9900595ED8 /* HomeCollectionViewCell.swift */; };
		4EDBA1BB2AED0E9900595ED8 /* HomeCollectionViewCellModel.swift in Sources */ = {isa = PBXBuildFile; fileRef = 4EDBA1B92AED0E9900595ED8 /* HomeCollectionViewCellModel.swift */; };
		4EDBA1BE2AED0EBC00595ED8 /* HomeTableViewCell.swift in Sources */ = {isa = PBXBuildFile; fileRef = 4EDBA1BC2AED0EBC00595ED8 /* HomeTableViewCell.swift */; };
		4EDBA1BF2AED0EBC00595ED8 /* HomeTableViewCellModel.swift in Sources */ = {isa = PBXBuildFile; fileRef = 4EDBA1BD2AED0EBC00595ED8 /* HomeTableViewCellModel.swift */; };
		4EDBA1CB2AED111800595ED8 /* DetailRouter.swift in Sources */ = {isa = PBXBuildFile; fileRef = 4EDBA1C82AED111800595ED8 /* DetailRouter.swift */; };
		4EDBA1CC2AED111800595ED8 /* DetailViewController.swift in Sources */ = {isa = PBXBuildFile; fileRef = 4EDBA1C92AED111800595ED8 /* DetailViewController.swift */; };
		4EDBA1CD2AED111800595ED8 /* DetailViewModel.swift in Sources */ = {isa = PBXBuildFile; fileRef = 4EDBA1CA2AED111800595ED8 /* DetailViewModel.swift */; };
		4EDBA1CF2AED113F00595ED8 /* HomeRoute.swift in Sources */ = {isa = PBXBuildFile; fileRef = 4EDBA1CE2AED113F00595ED8 /* HomeRoute.swift */; };
		4EDBA1D12AED115300595ED8 /* DetailRoute.swift in Sources */ = {isa = PBXBuildFile; fileRef = 4EDBA1D02AED115300595ED8 /* DetailRoute.swift */; };
		4EDBA1D32AED11EF00595ED8 /* MainNavigationController.swift in Sources */ = {isa = PBXBuildFile; fileRef = 4EDBA1D22AED11EF00595ED8 /* MainNavigationController.swift */; };
		4EDBA1D52AED129800595ED8 /* UICollectionView+Extensions.swift in Sources */ = {isa = PBXBuildFile; fileRef = 4EDBA1D42AED129800595ED8 /* UICollectionView+Extensions.swift */; };
		4EDBA1D92AED139900595ED8 /* UITableView+Extensions.swift in Sources */ = {isa = PBXBuildFile; fileRef = 4EDBA1D82AED139900595ED8 /* UITableView+Extensions.swift */; };
		4EDBA1DC2AED13E900595ED8 /* ReusableView.swift in Sources */ = {isa = PBXBuildFile; fileRef = 4EDBA1DB2AED13E900595ED8 /* ReusableView.swift */; };
		4EDBA1E82AED160B00595ED8 /* Int+Extensions.swift in Sources */ = {isa = PBXBuildFile; fileRef = 4EDBA1E72AED160B00595ED8 /* Int+Extensions.swift */; };
/* End PBXBuildFile section */

/* Begin PBXFileReference section */
		4EC5EFE42AEE8FAE00E599D7 /* BaseManager.swift */ = {isa = PBXFileReference; lastKnownFileType = sourcecode.swift; path = BaseManager.swift; sourceTree = "<group>"; };
		4EC5EFE72AEE901000E599D7 /* EndPoint.swift */ = {isa = PBXFileReference; lastKnownFileType = sourcecode.swift; path = EndPoint.swift; sourceTree = "<group>"; };
		4EC5EFF02AEE9C2100E599D7 /* Prod.xcconfig */ = {isa = PBXFileReference; lastKnownFileType = text.xcconfig; path = Prod.xcconfig; sourceTree = "<group>"; };
		4EC5EFF12AEE9C9600E599D7 /* Environment.swift */ = {isa = PBXFileReference; fileEncoding = 4; lastKnownFileType = sourcecode.swift; path = Environment.swift; sourceTree = "<group>"; };
		4EC5EFF32AEE9E4C00E599D7 /* Logger.swift */ = {isa = PBXFileReference; fileEncoding = 4; lastKnownFileType = sourcecode.swift; path = Logger.swift; sourceTree = "<group>"; };
		4EC5EFF82AEEBB0000E599D7 /* UIView+Extensions.swift */ = {isa = PBXFileReference; lastKnownFileType = sourcecode.swift; path = "UIView+Extensions.swift"; sourceTree = "<group>"; };
		4EC5EFFE2AEEBBE700E599D7 /* LoadingUtils.swift */ = {isa = PBXFileReference; lastKnownFileType = sourcecode.swift; path = LoadingUtils.swift; sourceTree = "<group>"; };
		4EC5F0002AEEBC8100E599D7 /* WindowHelper.swift */ = {isa = PBXFileReference; lastKnownFileType = sourcecode.swift; path = WindowHelper.swift; sourceTree = "<group>"; };
		4EC5F0022AEEC1C400E599D7 /* Response.swift */ = {isa = PBXFileReference; lastKnownFileType = sourcecode.swift; path = Response.swift; sourceTree = "<group>"; };
		4EC5F0052AEEC20C00E599D7 /* Constants.swift */ = {isa = PBXFileReference; lastKnownFileType = sourcecode.swift; path = Constants.swift; sourceTree = "<group>"; };
		4EC5F0082AEEC50D00E599D7 /* SearchManager.swift */ = {isa = PBXFileReference; lastKnownFileType = sourcecode.swift; path = SearchManager.swift; sourceTree = "<group>"; };
		4EC5F00A2AEEC59E00E599D7 /* Callbacks.swift */ = {isa = PBXFileReference; lastKnownFileType = sourcecode.swift; path = Callbacks.swift; sourceTree = "<group>"; };
		4EC5F00C2AEEC9AD00E599D7 /* Codable+Extensions.swift */ = {isa = PBXFileReference; lastKnownFileType = sourcecode.swift; path = "Codable+Extensions.swift"; sourceTree = "<group>"; };
		4EC5F00E2AEEC9EA00E599D7 /* String+Extensions.swift */ = {isa = PBXFileReference; lastKnownFileType = sourcecode.swift; path = "String+Extensions.swift"; sourceTree = "<group>"; };
		4EC5F0122AF03AA300E599D7 /* Movie.swift */ = {isa = PBXFileReference; lastKnownFileType = sourcecode.swift; path = Movie.swift; sourceTree = "<group>"; };
		4EC5F0142AF03AFF00E599D7 /* SearchResponse.swift */ = {isa = PBXFileReference; lastKnownFileType = sourcecode.swift; path = SearchResponse.swift; sourceTree = "<group>"; };
		4EC5F0162AF03B5200E599D7 /* SearchRequest.swift */ = {isa = PBXFileReference; lastKnownFileType = sourcecode.swift; path = SearchRequest.swift; sourceTree = "<group>"; };
		4EC8CA902AED21F900EBD139 /* Info.plist */ = {isa = PBXFileReference; fileEncoding = 4; lastKnownFileType = text.plist.xml; path = Info.plist; sourceTree = "<group>"; };
		4EC8CA922AED449800EBD139 /* UIImageView+Extensions.swift */ = {isa = PBXFileReference; lastKnownFileType = sourcecode.swift; path = "UIImageView+Extensions.swift"; sourceTree = "<group>"; };
		4EC8CA952AED46AC00EBD139 /* ImageProvider.swift */ = {isa = PBXFileReference; lastKnownFileType = sourcecode.swift; path = ImageProvider.swift; sourceTree = "<group>"; };
		4EDBA16F2AED022A00595ED8 /* OMDB-API-URLSession-MVVMR.app */ = {isa = PBXFileReference; explicitFileType = wrapper.application; includeInIndex = 0; path = "OMDB-API-URLSession-MVVMR.app"; sourceTree = BUILT_PRODUCTS_DIR; };
		4EDBA1722AED022A00595ED8 /* AppDelegate.swift */ = {isa = PBXFileReference; lastKnownFileType = sourcecode.swift; path = AppDelegate.swift; sourceTree = "<group>"; };
		4EDBA17B2AED022B00595ED8 /* Assets.xcassets */ = {isa = PBXFileReference; lastKnownFileType = folder.assetcatalog; path = Assets.xcassets; sourceTree = "<group>"; };
		4EDBA1962AED0C3300595ED8 /* Router.swift */ = {isa = PBXFileReference; lastKnownFileType = sourcecode.swift; path = Router.swift; sourceTree = "<group>"; };
		4EDBA1982AED0C4100595ED8 /* Animator.swift */ = {isa = PBXFileReference; lastKnownFileType = sourcecode.swift; path = Animator.swift; sourceTree = "<group>"; };
		4EDBA19A2AED0C6B00595ED8 /* AppRouter.swift */ = {isa = PBXFileReference; lastKnownFileType = sourcecode.swift; path = AppRouter.swift; sourceTree = "<group>"; };
		4EDBA19C2AED0CCF00595ED8 /* ModalTransition.swift */ = {isa = PBXFileReference; lastKnownFileType = sourcecode.swift; path = ModalTransition.swift; sourceTree = "<group>"; };
		4EDBA19E2AED0CEB00595ED8 /* PlaceOnWindowTransition.swift */ = {isa = PBXFileReference; lastKnownFileType = sourcecode.swift; path = PlaceOnWindowTransition.swift; sourceTree = "<group>"; };
		4EDBA1A02AED0D0500595ED8 /* Transition.swift */ = {isa = PBXFileReference; lastKnownFileType = sourcecode.swift; path = Transition.swift; sourceTree = "<group>"; };
		4EDBA1A22AED0D1900595ED8 /* PushTransition.swift */ = {isa = PBXFileReference; lastKnownFileType = sourcecode.swift; path = PushTransition.swift; sourceTree = "<group>"; };
		4EDBA1A52AED0D7A00595ED8 /* BaseViewController.swift */ = {isa = PBXFileReference; lastKnownFileType = sourcecode.swift; path = BaseViewController.swift; sourceTree = "<group>"; };
		4EDBA1A72AED0DA700595ED8 /* BaseViewModel.swift */ = {isa = PBXFileReference; lastKnownFileType = sourcecode.swift; path = BaseViewModel.swift; sourceTree = "<group>"; };
		4EDBA1B02AED0E4300595ED8 /* HomeRouter.swift */ = {isa = PBXFileReference; lastKnownFileType = sourcecode.swift; path = HomeRouter.swift; sourceTree = "<group>"; };
		4EDBA1B12AED0E4300595ED8 /* HomeViewController.swift */ = {isa = PBXFileReference; lastKnownFileType = sourcecode.swift; path = HomeViewController.swift; sourceTree = "<group>"; };
		4EDBA1B22AED0E4300595ED8 /* HomeViewModel.swift */ = {isa = PBXFileReference; lastKnownFileType = sourcecode.swift; path = HomeViewModel.swift; sourceTree = "<group>"; };
		4EDBA1B82AED0E9900595ED8 /* HomeCollectionViewCell.swift */ = {isa = PBXFileReference; lastKnownFileType = sourcecode.swift; path = HomeCollectionViewCell.swift; sourceTree = "<group>"; };
		4EDBA1B92AED0E9900595ED8 /* HomeCollectionViewCellModel.swift */ = {isa = PBXFileReference; lastKnownFileType = sourcecode.swift; path = HomeCollectionViewCellModel.swift; sourceTree = "<group>"; };
		4EDBA1BC2AED0EBC00595ED8 /* HomeTableViewCell.swift */ = {isa = PBXFileReference; lastKnownFileType = sourcecode.swift; path = HomeTableViewCell.swift; sourceTree = "<group>"; };
		4EDBA1BD2AED0EBC00595ED8 /* HomeTableViewCellModel.swift */ = {isa = PBXFileReference; lastKnownFileType = sourcecode.swift; path = HomeTableViewCellModel.swift; sourceTree = "<group>"; };
		4EDBA1C82AED111800595ED8 /* DetailRouter.swift */ = {isa = PBXFileReference; lastKnownFileType = sourcecode.swift; path = DetailRouter.swift; sourceTree = "<group>"; };
		4EDBA1C92AED111800595ED8 /* DetailViewController.swift */ = {isa = PBXFileReference; lastKnownFileType = sourcecode.swift; path = DetailViewController.swift; sourceTree = "<group>"; };
		4EDBA1CA2AED111800595ED8 /* DetailViewModel.swift */ = {isa = PBXFileReference; lastKnownFileType = sourcecode.swift; path = DetailViewModel.swift; sourceTree = "<group>"; };
		4EDBA1CE2AED113F00595ED8 /* HomeRoute.swift */ = {isa = PBXFileReference; lastKnownFileType = sourcecode.swift; path = HomeRoute.swift; sourceTree = "<group>"; };
		4EDBA1D02AED115300595ED8 /* DetailRoute.swift */ = {isa = PBXFileReference; lastKnownFileType = sourcecode.swift; path = DetailRoute.swift; sourceTree = "<group>"; };
		4EDBA1D22AED11EF00595ED8 /* MainNavigationController.swift */ = {isa = PBXFileReference; lastKnownFileType = sourcecode.swift; path = MainNavigationController.swift; sourceTree = "<group>"; };
		4EDBA1D42AED129800595ED8 /* UICollectionView+Extensions.swift */ = {isa = PBXFileReference; lastKnownFileType = sourcecode.swift; path = "UICollectionView+Extensions.swift"; sourceTree = "<group>"; };
		4EDBA1D82AED139900595ED8 /* UITableView+Extensions.swift */ = {isa = PBXFileReference; lastKnownFileType = sourcecode.swift; path = "UITableView+Extensions.swift"; sourceTree = "<group>"; };
		4EDBA1DB2AED13E900595ED8 /* ReusableView.swift */ = {isa = PBXFileReference; lastKnownFileType = sourcecode.swift; path = ReusableView.swift; sourceTree = "<group>"; };
		4EDBA1E72AED160B00595ED8 /* Int+Extensions.swift */ = {isa = PBXFileReference; lastKnownFileType = sourcecode.swift; path = "Int+Extensions.swift"; sourceTree = "<group>"; };
/* End PBXFileReference section */

/* Begin PBXFrameworksBuildPhase section */
		4EDBA16C2AED022A00595ED8 /* Frameworks */ = {
			isa = PBXFrameworksBuildPhase;
			buildActionMask = 2147483647;
			files = (
				4EDBA18F2AED096E00595ED8 /* SnapKit in Frameworks */,
			);
			runOnlyForDeploymentPostprocessing = 0;
		};
/* End PBXFrameworksBuildPhase section */

/* Begin PBXGroup section */
		4EC5EFE22AEE8F4E00E599D7 /* DataProvider */ = {
			isa = PBXGroup;
			children = (
				4EC5F0112AF03A9000E599D7 /* Model */,
				4EC5EFEB2AEE924D00E599D7 /* Constants */,
				4EC5EFE32AEE8F9700E599D7 /* Manager */,
			);
			path = DataProvider;
			sourceTree = "<group>";
		};
		4EC5EFE32AEE8F9700E599D7 /* Manager */ = {
			isa = PBXGroup;
			children = (
				4EC5F0072AEEC4F700E599D7 /* SearchManagger */,
				4EC5EFE62AEE8FF600E599D7 /* Base */,
			);
			path = Manager;
			sourceTree = "<group>";
		};
		4EC5EFE62AEE8FF600E599D7 /* Base */ = {
			isa = PBXGroup;
			children = (
				4EC5EFF12AEE9C9600E599D7 /* Environment.swift */,
				4EC5EFE42AEE8FAE00E599D7 /* BaseManager.swift */,
				4EC5EFE72AEE901000E599D7 /* EndPoint.swift */,
				4EC5EFF32AEE9E4C00E599D7 /* Logger.swift */,
				4EC5F0022AEEC1C400E599D7 /* Response.swift */,
			);
			name = Base;
			sourceTree = "<group>";
		};
		4EC5EFEB2AEE924D00E599D7 /* Constants */ = {
			isa = PBXGroup;
			children = (
				4EC5F00A2AEEC59E00E599D7 /* Callbacks.swift */,
			);
			path = Constants;
			sourceTree = "<group>";
		};
		4EC5EFFD2AEEBBBC00E599D7 /* Utils */ = {
			isa = PBXGroup;
			children = (
				4EC5EFFE2AEEBBE700E599D7 /* LoadingUtils.swift */,
			);
			path = Utils;
			sourceTree = "<group>";
		};
		4EC5F0042AEEC1FB00E599D7 /* Constants */ = {
			isa = PBXGroup;
			children = (
				4EC5F0052AEEC20C00E599D7 /* Constants.swift */,
			);
			path = Constants;
			sourceTree = "<group>";
		};
		4EC5F0072AEEC4F700E599D7 /* SearchManagger */ = {
			isa = PBXGroup;
			children = (
				4EC5F0082AEEC50D00E599D7 /* SearchManager.swift */,
			);
			name = SearchManagger;
			sourceTree = "<group>";
		};
		4EC5F0112AF03A9000E599D7 /* Model */ = {
			isa = PBXGroup;
			children = (
				4EC5F0122AF03AA300E599D7 /* Movie.swift */,
				4EC5F0142AF03AFF00E599D7 /* SearchResponse.swift */,
				4EC5F0162AF03B5200E599D7 /* SearchRequest.swift */,
			);
			path = Model;
			sourceTree = "<group>";
		};
		4EC8CA942AED469200EBD139 /* Helper */ = {
			isa = PBXGroup;
			children = (
				4EC8CA952AED46AC00EBD139 /* ImageProvider.swift */,
				4EC5F0002AEEBC8100E599D7 /* WindowHelper.swift */,
			);
			path = Helper;
			sourceTree = "<group>";
		};
		4EDBA1662AED022A00595ED8 = {
			isa = PBXGroup;
			children = (
				4EDBA1712AED022A00595ED8 /* OMDB-API-URLSession-MVVMR */,
				4EDBA1702AED022A00595ED8 /* Products */,
			);
			sourceTree = "<group>";
		};
		4EDBA1702AED022A00595ED8 /* Products */ = {
			isa = PBXGroup;
			children = (
				4EDBA16F2AED022A00595ED8 /* OMDB-API-URLSession-MVVMR.app */,
			);
			name = Products;
			sourceTree = "<group>";
		};
		4EDBA1712AED022A00595ED8 /* OMDB-API-URLSession-MVVMR */ = {
			isa = PBXGroup;
			children = (
				4EDBA18B2AED052300595ED8 /* Scenes */,
				4EC5EFE22AEE8F4E00E599D7 /* DataProvider */,
				4EDBA1E52AED15E400595ED8 /* Utilities */,
				4EDBA18C2AED053100595ED8 /* App */,
				4EDBA1B62AED0E6500595ED8 /* UIComponents */,
				4EDBA1922AED0B0400595ED8 /* Routing */,
				4EDBA18A2AED051300595ED8 /* Constants */,
				4EDBA1892AED050800595ED8 /* Configuration */,
				4EDBA1882AED050000595ED8 /* Helper */,
				4EDBA1862AED04E200595ED8 /* Resources */,
				4EDBA17B2AED022B00595ED8 /* Assets.xcassets */,
				4EC8CA902AED21F900EBD139 /* Info.plist */,
			);
			path = "OMDB-API-URLSession-MVVMR";
			sourceTree = "<group>";
		};
		4EDBA1862AED04E200595ED8 /* Resources */ = {
			isa = PBXGroup;
			children = (
			);
			path = Resources;
			sourceTree = "<group>";
		};
		4EDBA1872AED04F500595ED8 /* Extensions */ = {
			isa = PBXGroup;
			children = (
				4EDBA1D42AED129800595ED8 /* UICollectionView+Extensions.swift */,
				4EDBA1D82AED139900595ED8 /* UITableView+Extensions.swift */,
				4EC8CA922AED449800EBD139 /* UIImageView+Extensions.swift */,
				4EC5EFF82AEEBB0000E599D7 /* UIView+Extensions.swift */,
			);
			path = Extensions;
			sourceTree = "<group>";
		};
		4EDBA1882AED050000595ED8 /* Helper */ = {
			isa = PBXGroup;
			children = (
			);
			path = Helper;
			sourceTree = "<group>";
		};
		4EDBA1892AED050800595ED8 /* Configuration */ = {
			isa = PBXGroup;
			children = (
				4EC5EFF02AEE9C2100E599D7 /* Prod.xcconfig */,
			);
			path = Configuration;
			sourceTree = "<group>";
		};
		4EDBA18A2AED051300595ED8 /* Constants */ = {
			isa = PBXGroup;
			children = (
			);
			path = Constants;
			sourceTree = "<group>";
		};
		4EDBA18B2AED052300595ED8 /* Scenes */ = {
			isa = PBXGroup;
			children = (
				4EDBA1C72AED10F800595ED8 /* Detail */,
				4EDBA1A92AED0DD500595ED8 /* Home */,
				4EDBA1A42AED0D4C00595ED8 /* Base */,
			);
			path = Scenes;
			sourceTree = "<group>";
		};
		4EDBA18C2AED053100595ED8 /* App */ = {
			isa = PBXGroup;
			children = (
				4EDBA1722AED022A00595ED8 /* AppDelegate.swift */,
			);
			path = App;
			sourceTree = "<group>";
		};
		4EDBA1922AED0B0400595ED8 /* Routing */ = {
			isa = PBXGroup;
			children = (
				4EDBA1942AED0BC600595ED8 /* Core */,
				4EDBA1932AED0B1100595ED8 /* Routers */,
				4EDBA1952AED0BEA00595ED8 /* Transitions */,
			);
			path = Routing;
			sourceTree = "<group>";
		};
		4EDBA1932AED0B1100595ED8 /* Routers */ = {
			isa = PBXGroup;
			children = (
				4EDBA19A2AED0C6B00595ED8 /* AppRouter.swift */,
			);
			path = Routers;
			sourceTree = "<group>";
		};
		4EDBA1942AED0BC600595ED8 /* Core */ = {
			isa = PBXGroup;
			children = (
				4EDBA1962AED0C3300595ED8 /* Router.swift */,
				4EDBA1982AED0C4100595ED8 /* Animator.swift */,
			);
			path = Core;
			sourceTree = "<group>";
		};
		4EDBA1952AED0BEA00595ED8 /* Transitions */ = {
			isa = PBXGroup;
			children = (
				4EDBA19C2AED0CCF00595ED8 /* ModalTransition.swift */,
				4EDBA19E2AED0CEB00595ED8 /* PlaceOnWindowTransition.swift */,
				4EDBA1A02AED0D0500595ED8 /* Transition.swift */,
				4EDBA1A22AED0D1900595ED8 /* PushTransition.swift */,
			);
			path = Transitions;
			sourceTree = "<group>";
		};
		4EDBA1A42AED0D4C00595ED8 /* Base */ = {
			isa = PBXGroup;
			children = (
				4EDBA1A52AED0D7A00595ED8 /* BaseViewController.swift */,
				4EDBA1A72AED0DA700595ED8 /* BaseViewModel.swift */,
				4EDBA1D22AED11EF00595ED8 /* MainNavigationController.swift */,
			);
			path = Base;
			sourceTree = "<group>";
		};
		4EDBA1A92AED0DD500595ED8 /* Home */ = {
			isa = PBXGroup;
			children = (
				4EDBA1B02AED0E4300595ED8 /* HomeRouter.swift */,
				4EDBA1B12AED0E4300595ED8 /* HomeViewController.swift */,
				4EDBA1B22AED0E4300595ED8 /* HomeViewModel.swift */,
				4EDBA1CE2AED113F00595ED8 /* HomeRoute.swift */,
			);
			path = Home;
			sourceTree = "<group>";
		};
		4EDBA1B62AED0E6500595ED8 /* UIComponents */ = {
			isa = PBXGroup;
			children = (
				4EC5EFFD2AEEBBBC00E599D7 /* Utils */,
				4EDBA1872AED04F500595ED8 /* Extensions */,
				4EDBA1DA2AED13CA00595ED8 /* Protocols */,
				4EDBA1B72AED0E7500595ED8 /* Cell */,
			);
			path = UIComponents;
			sourceTree = "<group>";
		};
		4EDBA1B72AED0E7500595ED8 /* Cell */ = {
			isa = PBXGroup;
			children = (
				4EDBA1B82AED0E9900595ED8 /* HomeCollectionViewCell.swift */,
				4EDBA1B92AED0E9900595ED8 /* HomeCollectionViewCellModel.swift */,
				4EDBA1BC2AED0EBC00595ED8 /* HomeTableViewCell.swift */,
				4EDBA1BD2AED0EBC00595ED8 /* HomeTableViewCellModel.swift */,
			);
			path = Cell;
			sourceTree = "<group>";
		};
		4EDBA1C72AED10F800595ED8 /* Detail */ = {
			isa = PBXGroup;
			children = (
				4EDBA1C82AED111800595ED8 /* DetailRouter.swift */,
				4EDBA1C92AED111800595ED8 /* DetailViewController.swift */,
				4EDBA1CA2AED111800595ED8 /* DetailViewModel.swift */,
				4EDBA1D02AED115300595ED8 /* DetailRoute.swift */,
			);
			path = Detail;
			sourceTree = "<group>";
		};
		4EDBA1DA2AED13CA00595ED8 /* Protocols */ = {
			isa = PBXGroup;
			children = (
				4EDBA1DB2AED13E900595ED8 /* ReusableView.swift */,
			);
			path = Protocols;
			sourceTree = "<group>";
		};
		4EDBA1E52AED15E400595ED8 /* Utilities */ = {
			isa = PBXGroup;
			children = (
				4EC5F0042AEEC1FB00E599D7 /* Constants */,
				4EC8CA942AED469200EBD139 /* Helper */,
				4EDBA1E62AED15F400595ED8 /* Extensions */,
			);
			path = Utilities;
			sourceTree = "<group>";
		};
		4EDBA1E62AED15F400595ED8 /* Extensions */ = {
			isa = PBXGroup;
			children = (
				4EDBA1E72AED160B00595ED8 /* Int+Extensions.swift */,
				4EC5F00C2AEEC9AD00E599D7 /* Codable+Extensions.swift */,
				4EC5F00E2AEEC9EA00E599D7 /* String+Extensions.swift */,
			);
			path = Extensions;
			sourceTree = "<group>";
		};
/* End PBXGroup section */

/* Begin PBXNativeTarget section */
		4EDBA16E2AED022A00595ED8 /* OMDB-API-URLSession-MVVMR */ = {
			isa = PBXNativeTarget;
			buildConfigurationList = 4EDBA1832AED022B00595ED8 /* Build configuration list for PBXNativeTarget "OMDB-API-URLSession-MVVMR" */;
			buildPhases = (
				4EDBA16B2AED022A00595ED8 /* Sources */,
				4EDBA16C2AED022A00595ED8 /* Frameworks */,
				4EDBA16D2AED022A00595ED8 /* Resources */,
			);
			buildRules = (
			);
			dependencies = (
			);
			name = "OMDB-API-URLSession-MVVMR";
			packageProductDependencies = (
				4EDBA18E2AED096E00595ED8 /* SnapKit */,
			);
			productName = "OMDB-API-URLSession-MVVMR";
			productReference = 4EDBA16F2AED022A00595ED8 /* OMDB-API-URLSession-MVVMR.app */;
			productType = "com.apple.product-type.application";
		};
/* End PBXNativeTarget section */

/* Begin PBXProject section */
		4EDBA1672AED022A00595ED8 /* Project object */ = {
			isa = PBXProject;
			attributes = {
				BuildIndependentTargetsInParallel = 1;
				LastSwiftUpdateCheck = 1430;
				LastUpgradeCheck = 1430;
				TargetAttributes = {
					4EDBA16E2AED022A00595ED8 = {
						CreatedOnToolsVersion = 14.3.1;
					};
				};
			};
			buildConfigurationList = 4EDBA16A2AED022A00595ED8 /* Build configuration list for PBXProject "OMDB-API-URLSession-MVVMR" */;
			compatibilityVersion = "Xcode 14.0";
			developmentRegion = en;
			hasScannedForEncodings = 0;
			knownRegions = (
				en,
				Base,
			);
			mainGroup = 4EDBA1662AED022A00595ED8;
			packageReferences = (
				4EDBA18D2AED096E00595ED8 /* XCRemoteSwiftPackageReference "SnapKit" */,
			);
			productRefGroup = 4EDBA1702AED022A00595ED8 /* Products */;
			projectDirPath = "";
			projectRoot = "";
			targets = (
				4EDBA16E2AED022A00595ED8 /* OMDB-API-URLSession-MVVMR */,
			);
		};
/* End PBXProject section */

/* Begin PBXResourcesBuildPhase section */
		4EDBA16D2AED022A00595ED8 /* Resources */ = {
			isa = PBXResourcesBuildPhase;
			buildActionMask = 2147483647;
			files = (
				4EDBA17C2AED022B00595ED8 /* Assets.xcassets in Resources */,
			);
			runOnlyForDeploymentPostprocessing = 0;
		};
/* End PBXResourcesBuildPhase section */

/* Begin PBXSourcesBuildPhase section */
		4EDBA16B2AED022A00595ED8 /* Sources */ = {
			isa = PBXSourcesBuildPhase;
			buildActionMask = 2147483647;
			files = (
				4EC5F0132AF03AA300E599D7 /* Movie.swift in Sources */,
				4EC5EFE52AEE8FAE00E599D7 /* BaseManager.swift in Sources */,
				4EDBA1DC2AED13E900595ED8 /* ReusableView.swift in Sources */,
				4EDBA19D2AED0CCF00595ED8 /* ModalTransition.swift in Sources */,
				4EDBA1B32AED0E4300595ED8 /* HomeRouter.swift in Sources */,
				4EDBA1D12AED115300595ED8 /* DetailRoute.swift in Sources */,
				4EDBA1A82AED0DA700595ED8 /* BaseViewModel.swift in Sources */,
				4EDBA1CB2AED111800595ED8 /* DetailRouter.swift in Sources */,
				4EC5F0092AEEC50D00E599D7 /* SearchManager.swift in Sources */,
				4EDBA19F2AED0CEB00595ED8 /* PlaceOnWindowTransition.swift in Sources */,
				4EDBA1992AED0C4100595ED8 /* Animator.swift in Sources */,
				4EDBA1CF2AED113F00595ED8 /* HomeRoute.swift in Sources */,
				4EDBA1BA2AED0E9900595ED8 /* HomeCollectionViewCell.swift in Sources */,
				4EC5EFE82AEE901000E599D7 /* EndPoint.swift in Sources */,
				4EDBA1CC2AED111800595ED8 /* DetailViewController.swift in Sources */,
				4EDBA1BB2AED0E9900595ED8 /* HomeCollectionViewCellModel.swift in Sources */,
				4EDBA1D52AED129800595ED8 /* UICollectionView+Extensions.swift in Sources */,
				4EDBA1972AED0C3300595ED8 /* Router.swift in Sources */,
				4EC5F00F2AEEC9EA00E599D7 /* String+Extensions.swift in Sources */,
				4EC5EFF42AEE9E4C00E599D7 /* Logger.swift in Sources */,
				4EDBA1A62AED0D7A00595ED8 /* BaseViewController.swift in Sources */,
				4EDBA1BF2AED0EBC00595ED8 /* HomeTableViewCellModel.swift in Sources */,
				4EDBA19B2AED0C6B00595ED8 /* AppRouter.swift in Sources */,
				4EC5F0062AEEC20C00E599D7 /* Constants.swift in Sources */,
				4EC8CA962AED46AC00EBD139 /* ImageProvider.swift in Sources */,
				4EDBA1B52AED0E4300595ED8 /* HomeViewModel.swift in Sources */,
				4EC5F00D2AEEC9AD00E599D7 /* Codable+Extensions.swift in Sources */,
				4EDBA1A12AED0D0500595ED8 /* Transition.swift in Sources */,
				4EC5F0152AF03AFF00E599D7 /* SearchResponse.swift in Sources */,
				4EDBA1D32AED11EF00595ED8 /* MainNavigationController.swift in Sources */,
				4EC5F0032AEEC1C400E599D7 /* Response.swift in Sources */,
				4EDBA1CD2AED111800595ED8 /* DetailViewModel.swift in Sources */,
				4EDBA1A32AED0D1900595ED8 /* PushTransition.swift in Sources */,
				4EC8CA932AED449800EBD139 /* UIImageView+Extensions.swift in Sources */,
				4EDBA1B42AED0E4300595ED8 /* HomeViewController.swift in Sources */,
				4EC5EFF92AEEBB0000E599D7 /* UIView+Extensions.swift in Sources */,
				4EC5F0012AEEBC8100E599D7 /* WindowHelper.swift in Sources */,
				4EDBA1BE2AED0EBC00595ED8 /* HomeTableViewCell.swift in Sources */,
				4EDBA1E82AED160B00595ED8 /* Int+Extensions.swift in Sources */,
				4EC5EFFF2AEEBBE700E599D7 /* LoadingUtils.swift in Sources */,
				4EDBA1732AED022A00595ED8 /* AppDelegate.swift in Sources */,
				4EDBA1D92AED139900595ED8 /* UITableView+Extensions.swift in Sources */,
				4EC5F00B2AEEC59E00E599D7 /* Callbacks.swift in Sources */,
				4EC5F0172AF03B5200E599D7 /* SearchRequest.swift in Sources */,
				4EC5EFF22AEE9C9600E599D7 /* Environment.swift in Sources */,
			);
			runOnlyForDeploymentPostprocessing = 0;
		};
/* End PBXSourcesBuildPhase section */

/* Begin XCBuildConfiguration section */
		4EDBA1812AED022B00595ED8 /* Debug */ = {
			isa = XCBuildConfiguration;
			buildSettings = {
				ALWAYS_SEARCH_USER_PATHS = NO;
				CLANG_ANALYZER_NONNULL = YES;
				CLANG_ANALYZER_NUMBER_OBJECT_CONVERSION = YES_AGGRESSIVE;
				CLANG_CXX_LANGUAGE_STANDARD = "gnu++20";
				CLANG_ENABLE_MODULES = YES;
				CLANG_ENABLE_OBJC_ARC = YES;
				CLANG_ENABLE_OBJC_WEAK = YES;
				CLANG_WARN_BLOCK_CAPTURE_AUTORELEASING = YES;
				CLANG_WARN_BOOL_CONVERSION = YES;
				CLANG_WARN_COMMA = YES;
				CLANG_WARN_CONSTANT_CONVERSION = YES;
				CLANG_WARN_DEPRECATED_OBJC_IMPLEMENTATIONS = YES;
				CLANG_WARN_DIRECT_OBJC_ISA_USAGE = YES_ERROR;
				CLANG_WARN_DOCUMENTATION_COMMENTS = YES;
				CLANG_WARN_EMPTY_BODY = YES;
				CLANG_WARN_ENUM_CONVERSION = YES;
				CLANG_WARN_INFINITE_RECURSION = YES;
				CLANG_WARN_INT_CONVERSION = YES;
				CLANG_WARN_NON_LITERAL_NULL_CONVERSION = YES;
				CLANG_WARN_OBJC_IMPLICIT_RETAIN_SELF = YES;
				CLANG_WARN_OBJC_LITERAL_CONVERSION = YES;
				CLANG_WARN_OBJC_ROOT_CLASS = YES_ERROR;
				CLANG_WARN_QUOTED_INCLUDE_IN_FRAMEWORK_HEADER = YES;
				CLANG_WARN_RANGE_LOOP_ANALYSIS = YES;
				CLANG_WARN_STRICT_PROTOTYPES = YES;
				CLANG_WARN_SUSPICIOUS_MOVE = YES;
				CLANG_WARN_UNGUARDED_AVAILABILITY = YES_AGGRESSIVE;
				CLANG_WARN_UNREACHABLE_CODE = YES;
				CLANG_WARN__DUPLICATE_METHOD_MATCH = YES;
				COPY_PHASE_STRIP = NO;
				DEBUG_INFORMATION_FORMAT = dwarf;
				ENABLE_STRICT_OBJC_MSGSEND = YES;
				ENABLE_TESTABILITY = YES;
				GCC_C_LANGUAGE_STANDARD = gnu11;
				GCC_DYNAMIC_NO_PIC = NO;
				GCC_NO_COMMON_BLOCKS = YES;
				GCC_OPTIMIZATION_LEVEL = 0;
				GCC_PREPROCESSOR_DEFINITIONS = (
					"DEBUG=1",
					"$(inherited)",
				);
				GCC_WARN_64_TO_32_BIT_CONVERSION = YES;
				GCC_WARN_ABOUT_RETURN_TYPE = YES_ERROR;
				GCC_WARN_UNDECLARED_SELECTOR = YES;
				GCC_WARN_UNINITIALIZED_AUTOS = YES_AGGRESSIVE;
				GCC_WARN_UNUSED_FUNCTION = YES;
				GCC_WARN_UNUSED_VARIABLE = YES;
				IPHONEOS_DEPLOYMENT_TARGET = 16.4;
				MTL_ENABLE_DEBUG_INFO = INCLUDE_SOURCE;
				MTL_FAST_MATH = YES;
				ONLY_ACTIVE_ARCH = YES;
				SDKROOT = iphoneos;
				SWIFT_ACTIVE_COMPILATION_CONDITIONS = DEBUG;
				SWIFT_OPTIMIZATION_LEVEL = "-Onone";
			};
			name = Debug;
		};
		4EDBA1822AED022B00595ED8 /* Release */ = {
			isa = XCBuildConfiguration;
			buildSettings = {
				ALWAYS_SEARCH_USER_PATHS = NO;
				CLANG_ANALYZER_NONNULL = YES;
				CLANG_ANALYZER_NUMBER_OBJECT_CONVERSION = YES_AGGRESSIVE;
				CLANG_CXX_LANGUAGE_STANDARD = "gnu++20";
				CLANG_ENABLE_MODULES = YES;
				CLANG_ENABLE_OBJC_ARC = YES;
				CLANG_ENABLE_OBJC_WEAK = YES;
				CLANG_WARN_BLOCK_CAPTURE_AUTORELEASING = YES;
				CLANG_WARN_BOOL_CONVERSION = YES;
				CLANG_WARN_COMMA = YES;
				CLANG_WARN_CONSTANT_CONVERSION = YES;
				CLANG_WARN_DEPRECATED_OBJC_IMPLEMENTATIONS = YES;
				CLANG_WARN_DIRECT_OBJC_ISA_USAGE = YES_ERROR;
				CLANG_WARN_DOCUMENTATION_COMMENTS = YES;
				CLANG_WARN_EMPTY_BODY = YES;
				CLANG_WARN_ENUM_CONVERSION = YES;
				CLANG_WARN_INFINITE_RECURSION = YES;
				CLANG_WARN_INT_CONVERSION = YES;
				CLANG_WARN_NON_LITERAL_NULL_CONVERSION = YES;
				CLANG_WARN_OBJC_IMPLICIT_RETAIN_SELF = YES;
				CLANG_WARN_OBJC_LITERAL_CONVERSION = YES;
				CLANG_WARN_OBJC_ROOT_CLASS = YES_ERROR;
				CLANG_WARN_QUOTED_INCLUDE_IN_FRAMEWORK_HEADER = YES;
				CLANG_WARN_RANGE_LOOP_ANALYSIS = YES;
				CLANG_WARN_STRICT_PROTOTYPES = YES;
				CLANG_WARN_SUSPICIOUS_MOVE = YES;
				CLANG_WARN_UNGUARDED_AVAILABILITY = YES_AGGRESSIVE;
				CLANG_WARN_UNREACHABLE_CODE = YES;
				CLANG_WARN__DUPLICATE_METHOD_MATCH = YES;
				COPY_PHASE_STRIP = NO;
				DEBUG_INFORMATION_FORMAT = "dwarf-with-dsym";
				ENABLE_NS_ASSERTIONS = NO;
				ENABLE_STRICT_OBJC_MSGSEND = YES;
				GCC_C_LANGUAGE_STANDARD = gnu11;
				GCC_NO_COMMON_BLOCKS = YES;
				GCC_WARN_64_TO_32_BIT_CONVERSION = YES;
				GCC_WARN_ABOUT_RETURN_TYPE = YES_ERROR;
				GCC_WARN_UNDECLARED_SELECTOR = YES;
				GCC_WARN_UNINITIALIZED_AUTOS = YES_AGGRESSIVE;
				GCC_WARN_UNUSED_FUNCTION = YES;
				GCC_WARN_UNUSED_VARIABLE = YES;
				IPHONEOS_DEPLOYMENT_TARGET = 16.4;
				MTL_ENABLE_DEBUG_INFO = NO;
				MTL_FAST_MATH = YES;
				SDKROOT = iphoneos;
				SWIFT_COMPILATION_MODE = wholemodule;
				SWIFT_OPTIMIZATION_LEVEL = "-O";
				VALIDATE_PRODUCT = YES;
			};
			name = Release;
		};
		4EDBA1842AED022B00595ED8 /* Debug */ = {
			isa = XCBuildConfiguration;
			buildSettings = {
				ASSETCATALOG_COMPILER_APPICON_NAME = AppIcon;
				ASSETCATALOG_COMPILER_GLOBAL_ACCENT_COLOR_NAME = AccentColor;
				CODE_SIGN_STYLE = Automatic;
				CURRENT_PROJECT_VERSION = 1;
				DEVELOPMENT_TEAM = 68W3SBSH6G;
				GENERATE_INFOPLIST_FILE = YES;
				INFOPLIST_FILE = "OMDB-API-URLSession-MVVMR/Info.plist";
				INFOPLIST_KEY_UIApplicationSupportsIndirectInputEvents = YES;
				INFOPLIST_KEY_UILaunchStoryboardName = LaunchScreen;
				INFOPLIST_KEY_UIStatusBarStyle = "";
				INFOPLIST_KEY_UISupportedInterfaceOrientations_iPad = "UIInterfaceOrientationPortrait UIInterfaceOrientationPortraitUpsideDown UIInterfaceOrientationLandscapeLeft UIInterfaceOrientationLandscapeRight";
				INFOPLIST_KEY_UISupportedInterfaceOrientations_iPhone = "UIInterfaceOrientationPortrait UIInterfaceOrientationLandscapeLeft UIInterfaceOrientationLandscapeRight";
				IPHONEOS_DEPLOYMENT_TARGET = 11.0;
				LD_RUNPATH_SEARCH_PATHS = (
					"$(inherited)",
					"@executable_path/Frameworks",
				);
				MARKETING_VERSION = 1.0;
				PRODUCT_BUNDLE_IDENTIFIER = "com.expenceManager.OMDB-API-URLSession-MVVMR";
				PRODUCT_NAME = "$(TARGET_NAME)";
				SWIFT_EMIT_LOC_STRINGS = YES;
				SWIFT_VERSION = 5.0;
				TARGETED_DEVICE_FAMILY = "1,2";
			};
			name = Debug;
		};
		4EDBA1852AED022B00595ED8 /* Release */ = {
			isa = XCBuildConfiguration;
			buildSettings = {
				ASSETCATALOG_COMPILER_APPICON_NAME = AppIcon;
				ASSETCATALOG_COMPILER_GLOBAL_ACCENT_COLOR_NAME = AccentColor;
				CODE_SIGN_STYLE = Automatic;
				CURRENT_PROJECT_VERSION = 1;
				DEVELOPMENT_TEAM = 68W3SBSH6G;
				GENERATE_INFOPLIST_FILE = YES;
				INFOPLIST_FILE = "OMDB-API-URLSession-MVVMR/Info.plist";
				INFOPLIST_KEY_UIApplicationSupportsIndirectInputEvents = YES;
				INFOPLIST_KEY_UILaunchStoryboardName = LaunchScreen;
				INFOPLIST_KEY_UIStatusBarStyle = "";
				INFOPLIST_KEY_UISupportedInterfaceOrientations_iPad = "UIInterfaceOrientationPortrait UIInterfaceOrientationPortraitUpsideDown UIInterfaceOrientationLandscapeLeft UIInterfaceOrientationLandscapeRight";
				INFOPLIST_KEY_UISupportedInterfaceOrientations_iPhone = "UIInterfaceOrientationPortrait UIInterfaceOrientationLandscapeLeft UIInterfaceOrientationLandscapeRight";
				IPHONEOS_DEPLOYMENT_TARGET = 11.0;
				LD_RUNPATH_SEARCH_PATHS = (
					"$(inherited)",
					"@executable_path/Frameworks",
				);
				MARKETING_VERSION = 1.0;
				PRODUCT_BUNDLE_IDENTIFIER = "com.expenceManager.OMDB-API-URLSession-MVVMR";
				PRODUCT_NAME = "$(TARGET_NAME)";
				SWIFT_EMIT_LOC_STRINGS = YES;
				SWIFT_VERSION = 5.0;
				TARGETED_DEVICE_FAMILY = "1,2";
			};
			name = Release;
		};
/* End XCBuildConfiguration section */

/* Begin XCConfigurationList section */
		4EDBA16A2AED022A00595ED8 /* Build configuration list for PBXProject "OMDB-API-URLSession-MVVMR" */ = {
			isa = XCConfigurationList;
			buildConfigurations = (
				4EDBA1812AED022B00595ED8 /* Debug */,
				4EDBA1822AED022B00595ED8 /* Release */,
			);
			defaultConfigurationIsVisible = 0;
			defaultConfigurationName = Release;
		};
		4EDBA1832AED022B00595ED8 /* Build configuration list for PBXNativeTarget "OMDB-API-URLSession-MVVMR" */ = {
			isa = XCConfigurationList;
			buildConfigurations = (
				4EDBA1842AED022B00595ED8 /* Debug */,
				4EDBA1852AED022B00595ED8 /* Release */,
			);
			defaultConfigurationIsVisible = 0;
			defaultConfigurationName = Release;
		};
/* End XCConfigurationList section */

/* Begin XCRemoteSwiftPackageReference section */
		4EDBA18D2AED096E00595ED8 /* XCRemoteSwiftPackageReference "SnapKit" */ = {
			isa = XCRemoteSwiftPackageReference;
			repositoryURL = "https://github.com/SnapKit/SnapKit.git";
			requirement = {
				kind = upToNextMajorVersion;
				minimumVersion = 5.0.1;
			};
		};
/* End XCRemoteSwiftPackageReference section */

/* Begin XCSwiftPackageProductDependency section */
		4EDBA18E2AED096E00595ED8 /* SnapKit */ = {
			isa = XCSwiftPackageProductDependency;
			package = 4EDBA18D2AED096E00595ED8 /* XCRemoteSwiftPackageReference "SnapKit" */;
			productName = SnapKit;
		};
/* End XCSwiftPackageProductDependency section */
	};
	rootObject = 4EDBA1672AED022A00595ED8 /* Project object */;
}
